{
  "version": "2",
  "remote": {
    "https://deno.land/std@0.185.0/_util/asserts.ts": "178dfc49a464aee693a7e285567b3d0b555dc805ff490505a8aae34f9cfb1462",
    "https://deno.land/std@0.185.0/_util/os.ts": "d932f56d41e4f6a6093d56044e29ce637f8dcc43c5a90af43504a889cf1775e3",
    "https://deno.land/std@0.185.0/flags/mod.ts": "4d829c5bd1d657799cdeb487c6e418960efc6f4d8ce6cadc38a54b9ce266160a",
    "https://deno.land/std@0.185.0/fmt/colors.ts": "d67e3cd9f472535241a8e410d33423980bec45047e343577554d3356e1f0ef4e",
    "https://deno.land/std@0.185.0/path/_constants.ts": "e49961f6f4f48039c0dfed3c3f93e963ca3d92791c9d478ac5b43183413136e0",
    "https://deno.land/std@0.185.0/path/_interface.ts": "6471159dfbbc357e03882c2266d21ef9afdb1e4aa771b0545e90db58a0ba314b",
    "https://deno.land/std@0.185.0/path/_util.ts": "d7abb1e0dea065f427b89156e28cdeb32b045870acdf865833ba808a73b576d0",
    "https://deno.land/std@0.185.0/path/common.ts": "ee7505ab01fd22de3963b64e46cff31f40de34f9f8de1fff6a1bd2fe79380000",
    "https://deno.land/std@0.185.0/path/glob.ts": "d479e0a695621c94d3fd7fe7abd4f9499caf32a8de13f25073451c6ef420a4e1",
    "https://deno.land/std@0.185.0/path/mod.ts": "bf718f19a4fdd545aee1b06409ca0805bd1b68ecf876605ce632e932fe54510c",
    "https://deno.land/std@0.185.0/path/posix.ts": "8b7c67ac338714b30c816079303d0285dd24af6b284f7ad63da5b27372a2c94d",
    "https://deno.land/std@0.185.0/path/separator.ts": "0fb679739d0d1d7bf45b68dacfb4ec7563597a902edbaf3c59b50d5bcadd93b1",
    "https://deno.land/std@0.185.0/path/win32.ts": "d186344e5583bcbf8b18af416d13d82b35a317116e6460a5a3953508c3de5bba",
    "https://deno.land/std@0.185.0/semver/mod.ts": "200f50cf6872212667df532fb09f0b1a33d3427a5201f75fad30a0d0c6dbcce3",
    "https://deno.land/std@0.185.0/testing/_diff.ts": "1a3c044aedf77647d6cac86b798c6417603361b66b54c53331b312caeb447aea",
    "https://deno.land/std@0.185.0/testing/_format.ts": "a69126e8a469009adf4cf2a50af889aca364c349797e63174884a52ff75cf4c7",
    "https://deno.land/std@0.185.0/testing/asserts.ts": "e16d98b4d73ffc4ed498d717307a12500ae4f2cbe668f1a215632d19fcffc22f",
    "https://deno.land/std@0.185.0/testing/mock.ts": "220ed9b8151cb2cac141043d4cfea7c47673fab5d18d1c1f0943297c8afb5d13",
    "https://deno.land/std@0.193.0/fmt/colors.ts": "d67e3cd9f472535241a8e410d33423980bec45047e343577554d3356e1f0ef4e",
    "https://deno.land/std@0.193.0/semver/_shared.ts": "8547ccf91b36c30fb2a8a17d7081df13f4ae694c4aa44c39799eba69ad0dcb23",
    "https://deno.land/std@0.193.0/semver/cmp.ts": "4faca58ad459a8c7663ac84ed8410fb5cf932042969f5c25d285f319456d55c1",
    "https://deno.land/std@0.193.0/semver/comparator_format.ts": "329e05d914c064590ded4801fc601bf1c5d0f461c5524b1578e10f180551ef6f",
    "https://deno.land/std@0.193.0/semver/comparator_intersects.ts": "61920121a6c1600306dbcf8944c4cc55e45c3a1bdbefe41b79a0884bf02d9e1b",
    "https://deno.land/std@0.193.0/semver/comparator_max.ts": "f4cc5f528abd8aab68c66bbead732e3c59102b13a318cd8e4f8a47aa3debec76",
    "https://deno.land/std@0.193.0/semver/comparator_min.ts": "eea382428ebf0c50168f780898df8519c88da5a10d1f8babbfebdc89fb75942e",
    "https://deno.land/std@0.193.0/semver/compare.ts": "503bb7b0ca67b722a0a8a5570486c20eb27ed9bc2316f25699fbd6317a3233ac",
    "https://deno.land/std@0.193.0/semver/compare_build.ts": "dc315387ffba691206be83bb4195dff23af6df9983cf8dfb91c29e3f62b9bdca",
    "https://deno.land/std@0.193.0/semver/constants.ts": "bb0c7652c433c7ec1dad5bf18c7e7e1557efe9ddfd5e70aa6305153e76dc318c",
    "https://deno.land/std@0.193.0/semver/difference.ts": "b86b72f75308c0ab78a41bc676bdca0d933d75e0be8b06dafdc393689e70497f",
    "https://deno.land/std@0.193.0/semver/eq.ts": "b8fc7184507423a2448f4b052fc4d9090bf316807b3c9c930afc3775d7a3f3a5",
    "https://deno.land/std@0.193.0/semver/format.ts": "236cc8b5d2e8031258dcff3ca89e14ba926434d5b789730e2c781db172e76bd9",
    "https://deno.land/std@0.193.0/semver/gt.ts": "2f20b21456179b3ac034656a09b5c259bf52dc2626a941ca038be5d201c415be",
    "https://deno.land/std@0.193.0/semver/gte.ts": "d1ed0195a2b38ef0df586374eac4ad860d3b7e181ec1683e734912ce795aaddb",
    "https://deno.land/std@0.193.0/semver/gtr.ts": "b0442acf1d52ceb337ec4f82afaa0da3b5251a9a08f4f0b8839ca4629d617078",
    "https://deno.land/std@0.193.0/semver/increment.ts": "e41ffc906ea1d57e66987aa1b18ba1d0223d6fb0cd806448d012e4f8117e8513",
    "https://deno.land/std@0.193.0/semver/is_semver.ts": "0257f596d8ee33796bd2e46347e0c31030e55b3719bc72fe5258a1e9f9c7e227",
    "https://deno.land/std@0.193.0/semver/is_semver_comparator.ts": "120ad68896e3481dbcda81ddd914c10d3fc891fe62cc99028cb69ebfa6c1427c",
    "https://deno.land/std@0.193.0/semver/is_semver_range.ts": "0ea096e1edcb8e95200d3bee549c97b53e93ac60d4c2b3601ad7a01f27a0f4da",
    "https://deno.land/std@0.193.0/semver/lt.ts": "c8711ffa1c40a3f98921b9bf0d80b59970d8cbc0a12696ebccacf6bccfa9dcc8",
    "https://deno.land/std@0.193.0/semver/lte.ts": "721e5f9d353ecea757c1d5d42f4f6699d46cd24cdbd45b2bf88efdf82c0eaac4",
    "https://deno.land/std@0.193.0/semver/ltr.ts": "2a10f426605408adcb6cb62e65e871eb6b235d74cbcc2160e58207751e7ca11d",
    "https://deno.land/std@0.193.0/semver/max_satisfying.ts": "a8c550100582a9ad2f68026edef8a5ed09debbda0a65d28dceea302508aee41a",
    "https://deno.land/std@0.193.0/semver/min_satisfying.ts": "04331cc956f55bc6d14f911ff2561dbab81e1218bfe6a080fe520b999e33e693",
    "https://deno.land/std@0.193.0/semver/mod.ts": "79eaeb8015f3f34a34b1e2a98f524dbd5a9a5d7fa1d977cdfc5d6157965e8920",
    "https://deno.land/std@0.193.0/semver/neq.ts": "c4116ac01149c4c090bdb5da2bbf946d1f9d74634c97486f3d7e55e75bb35bb0",
    "https://deno.land/std@0.193.0/semver/outside.ts": "3ca074513c6f5ac4b3e9c0eda2deb3a83cdfcecc589f1ec69786d41f47885a89",
    "https://deno.land/std@0.193.0/semver/parse.ts": "190dab1b5231da1fa6ec40567f58550209e7304dcb655fd8ae46eb7c2966a82b",
    "https://deno.land/std@0.193.0/semver/parse_comparator.ts": "f07f9be8322b1f61a36b94c3c65a0dc4124958ee54cf744c92ca4028bf156d5e",
    "https://deno.land/std@0.193.0/semver/parse_range.ts": "39a18608a8026004b218ef383e7ae624a9e663b82327948c1810f16d875113c2",
    "https://deno.land/std@0.193.0/semver/range_format.ts": "3de31fd0b74dd565e052840e73a8e9ee1d9d289ca60b85749167710b978cc078",
    "https://deno.land/std@0.193.0/semver/range_intersects.ts": "e646300d9a10868ae51dc70399c1eee31a503f24610506146eadbeac6bcc6777",
    "https://deno.land/std@0.193.0/semver/range_max.ts": "9c10c65bbc7796347ce6f765a77865cead88870d17481ac78259400a2378af2e",
    "https://deno.land/std@0.193.0/semver/range_min.ts": "b7849e70e0b0677b382eddaa822b6690521449a659c5b8ec84cbd438f6e6ca59",
    "https://deno.land/std@0.193.0/semver/rcompare.ts": "fe4e95bf671bd119df89bc4dd9ceb3fdcc95bad543a78fa3b8ae67ce6b54bc03",
    "https://deno.land/std@0.193.0/semver/rsort.ts": "d4bfa2b9fffa6e1afddeead68c7cb470ed932b3846acf45eccde2b46be021644",
    "https://deno.land/std@0.193.0/semver/sort.ts": "301d18f7f96f9e46bb6d0327d3d97579fa2d49558c185a0a5035b8e6fbd4a73b",
    "https://deno.land/std@0.193.0/semver/test_comparator.ts": "eff5394cb82d133ed18f96fe547de7e7264bf0d25d16cbc6126664aa06ef8f37",
    "https://deno.land/std@0.193.0/semver/test_range.ts": "b236c276268e92bbbc65e7c4b4b6b685ea6b4534a71b2525b53093d094f631c6",
    "https://deno.land/std@0.193.0/semver/try_parse.ts": "fc7eeafc18686563b0cc35b518eda57690e513e634527a0ff48c600ba7798ce4",
    "https://deno.land/std@0.193.0/semver/try_parse_range.ts": "49be2271c4c07374fc2d986d5212fab7bb1f49daa485141e9bedd78d851ca5ca",
    "https://deno.land/std@0.193.0/semver/types.ts": "d44f442c2f27dd89bd6695b369e310b80549746f03c38f241fe28a83b33dd429",
    "https://deno.land/std@0.193.0/testing/_diff.ts": "1a3c044aedf77647d6cac86b798c6417603361b66b54c53331b312caeb447aea",
    "https://deno.land/std@0.193.0/testing/_format.ts": "a69126e8a469009adf4cf2a50af889aca364c349797e63174884a52ff75cf4c7",
    "https://deno.land/std@0.193.0/testing/asserts.ts": "056d571baaefc7f13af3e29ad6a66d4dbe5355d3cb2ae130e7d2a1b1e01085e3",
    "https://deno.land/x/p_queue@1.0.1/deps.ts": "fd7b6b504a2010348d9b8530f9f79a771cc02af5c6ae6f29a1a4bd4474f11f71",
    "https://deno.land/x/p_queue@1.0.1/lower-bound.ts": "f1d7306ad51ea38e94c88d831cee43e04693df1f1483f0970ee9155b17508d2e",
    "https://deno.land/x/p_queue@1.0.1/mod.ts": "8737c55988851ce116e12e63ef1c268a26c1569ddb5d3dc41fef29e9f69ae684",
    "https://deno.land/x/p_queue@1.0.1/options.ts": "531c78d6d5f391b5d6d35c63810bab42df4f6c303be715fd43366347a747c07b",
    "https://deno.land/x/p_queue@1.0.1/priority-queue.ts": "c3aa976807703914b6f7cf6d1f8668c9f9398957089ff2998cec5d95995cff21",
    "https://deno.land/x/p_queue@1.0.1/queue.ts": "9e83295e37ef08cc13833891b064b865ad4ba559c3c7db372635eac70f8cc93c",
    "https://deno.land/x/p_timeout@1.0.1/mod.ts": "1a55ad8ab0c22383f8766639babe3adc6d87348576700c5779531456f0428111",
    "https://deno.land/x/zod@v3.21.4/ZodError.ts": "4de18ff525e75a0315f2c12066b77b5c2ae18c7c15ef7df7e165d63536fdf2ea",
    "https://deno.land/x/zod@v3.21.4/errors.ts": "5285922d2be9700cc0c70c95e4858952b07ae193aa0224be3cbd5cd5567eabef",
    "https://deno.land/x/zod@v3.21.4/external.ts": "a6cfbd61e9e097d5f42f8a7ed6f92f93f51ff927d29c9fbaec04f03cbce130fe",
    "https://deno.land/x/zod@v3.21.4/helpers/enumUtil.ts": "54efc393cc9860e687d8b81ff52e980def00fa67377ad0bf8b3104f8a5bf698c",
    "https://deno.land/x/zod@v3.21.4/helpers/errorUtil.ts": "7a77328240be7b847af6de9189963bd9f79cab32bbc61502a9db4fe6683e2ea7",
    "https://deno.land/x/zod@v3.21.4/helpers/parseUtil.ts": "51a76c126ee212be86013d53a9d07f87e9ae04bb1496f2558e61b62cb74a6aa8",
    "https://deno.land/x/zod@v3.21.4/helpers/partialUtil.ts": "998c2fe79795257d4d1cf10361e74492f3b7d852f61057c7c08ac0a46488b7e7",
    "https://deno.land/x/zod@v3.21.4/helpers/typeAliases.ts": "0fda31a063c6736fc3cf9090dd94865c811dfff4f3cb8707b932bf937c6f2c3e",
    "https://deno.land/x/zod@v3.21.4/helpers/util.ts": "8baf19b19b2fca8424380367b90364b32503b6b71780269a6e3e67700bb02774",
    "https://deno.land/x/zod@v3.21.4/index.ts": "d27aabd973613985574bc31f39e45cb5d856aa122ef094a9f38a463b8ef1a268",
    "https://deno.land/x/zod@v3.21.4/locales/en.ts": "a7a25cd23563ccb5e0eed214d9b31846305ddbcdb9c5c8f508b108943366ab4c",
    "https://deno.land/x/zod@v3.21.4/types.ts": "b5d061babea250de14fc63764df5b3afa24f2b088a1d797fc060ba49a0ddff28"
  },
  "npm": {
    "specifiers": {
      "@types/yarnpkg__lockfile": "@types/yarnpkg__lockfile@1.1.6",
      "@yarnpkg/lockfile": "@yarnpkg/lockfile@1.1.0"
    },
    "packages": {
      "@types/yarnpkg__lockfile@1.1.6": {
        "integrity": "sha512-kbdQa3J+hVCkqmGQm31fthEwGxszZtepw84p9QGCiJB7TmiPqPAf3/g9eZUnkCeanmiFOaG4pVhiPDyqJxaoaw==",
        "dependencies": {}
      },
      "@yarnpkg/lockfile@1.1.0": {
        "integrity": "sha512-GpSwvyXOcOOlV70vbnzjj4fW5xW/FdUF6nQEt1ENy7m4ZCczi1+/buVUPAqmGfqznsORNFzUMjctTIp8a9tuCQ==",
        "dependencies": {}
      }
    }
  }
}
